
Microsoft Visual Studio Solution File, Format Version 12.00
# Visual Studio Version 17
VisualStudioVersion = 17.0.32014.148
MinimumVisualStudioVersion = 10.0.40219.1
Project("{9A19103F-16F7-4668-BE54-9A1E7A4F7556}") = "CompileLib", "CompileLib\CompileLib.csproj", "{49BEBF53-2673-4B8F-B0BE-0188EAAB6C4F}"
EndProject
Project("{9A19103F-16F7-4668-BE54-9A1E7A4F7556}") = "Launcher", "Launcher\Launcher.csproj", "{0A936F39-C47E-4235-8F1C-4174DFEF40C1}"
EndProject
Project("{FAE04EC0-301F-11D3-BF4B-00C04F79EFBC}") = "TestCompiler", "TestCompiler\TestCompiler.csproj", "{621D971D-742F-41D1-8646-0C8383A04BA7}"
	ProjectSection(ProjectDependencies) = postProject
		{49BEBF53-2673-4B8F-B0BE-0188EAAB6C4F} = {49BEBF53-2673-4B8F-B0BE-0188EAAB6C4F}
	EndProjectSection
EndProject
Global
	GlobalSection(SolutionConfigurationPlatforms) = preSolution
		Debug|Any CPU = Debug|Any CPU
		Release|Any CPU = Release|Any CPU
	EndGlobalSection
	GlobalSection(ProjectConfigurationPlatforms) = postSolution
		{49BEBF53-2673-4B8F-B0BE-0188EAAB6C4F}.Debug|Any CPU.ActiveCfg = Debug|Any CPU
		{49BEBF53-2673-4B8F-B0BE-0188EAAB6C4F}.Debug|Any CPU.Build.0 = Debug|Any CPU
		{49BEBF53-2673-4B8F-B0BE-0188EAAB6C4F}.Release|Any CPU.ActiveCfg = Release|Any CPU
		{49BEBF53-2673-4B8F-B0BE-0188EAAB6C4F}.Release|Any CPU.Build.0 = Release|Any CPU
		{0A936F39-C47E-4235-8F1C-4174DFEF40C1}.Debug|Any CPU.ActiveCfg = Debug|Any CPU
		{0A936F39-C47E-4235-8F1C-4174DFEF40C1}.Debug|Any CPU.Build.0 = Debug|Any CPU
		{0A936F39-C47E-4235-8F1C-4174DFEF40C1}.Release|Any CPU.ActiveCfg = Release|Any CPU
		{0A936F39-C47E-4235-8F1C-4174DFEF40C1}.Release|Any CPU.Build.0 = Release|Any CPU
		{621D971D-742F-41D1-8646-0C8383A04BA7}.Debug|Any CPU.ActiveCfg = Debug|Any CPU
		{621D971D-742F-41D1-8646-0C8383A04BA7}.Debug|Any CPU.Build.0 = Debug|Any CPU
		{621D971D-742F-41D1-8646-0C8383A04BA7}.Release|Any CPU.ActiveCfg = Release|Any CPU
		{621D971D-742F-41D1-8646-0C8383A04BA7}.Release|Any CPU.Build.0 = Release|Any CPU
	EndGlobalSection
	GlobalSection(SolutionProperties) = preSolution
		HideSolutionNode = FALSE
	EndGlobalSection
	GlobalSection(ExtensibilityGlobals) = postSolution
		SolutionGuid = {69D30ECF-E7B0-49D7-9927-8C890ABEC225}
	EndGlobalSection
EndGlobal
